{
  "lockfile_version": "1",
  "packages": {
    "argocd@2.10.9": {
      "last_modified": "2024-05-12T16:19:40Z",
      "resolved": "github:NixOS/nixpkgs/3281bec7174f679eabf584591e75979a258d8c40#argocd",
      "source": "devbox-search",
      "version": "2.10.9",
      "systems": {
        "aarch64-darwin": {
          "outputs": [
            {
              "name": "out",
              "path": "/nix/store/mgfyz1yjrc6xmb6hgkrg5xq15vd9yk3s-argocd-2.10.9",
              "default": true
            }
          ],
          "store_path": "/nix/store/mgfyz1yjrc6xmb6hgkrg5xq15vd9yk3s-argocd-2.10.9"
        },
        "aarch64-linux": {
          "outputs": [
            {
              "name": "out",
              "path": "/nix/store/qz1bz8w02x9q3rz7xjzyzx4hy6llhf4x-argocd-2.10.9",
              "default": true
            }
          ],
          "store_path": "/nix/store/qz1bz8w02x9q3rz7xjzyzx4hy6llhf4x-argocd-2.10.9"
        },
        "x86_64-darwin": {
          "outputs": [
            {
              "name": "out",
              "path": "/nix/store/nbdv6ndqr9i9x32vmabya1anar7jljwz-argocd-2.10.9",
              "default": true
            }
          ],
          "store_path": "/nix/store/nbdv6ndqr9i9x32vmabya1anar7jljwz-argocd-2.10.9"
        },
        "x86_64-linux": {
          "outputs": [
            {
              "name": "out",
              "path": "/nix/store/vx92kv7aq0nrxky6mlzpwh2hwvggnd91-argocd-2.10.9",
              "default": true
            }
          ],
          "store_path": "/nix/store/vx92kv7aq0nrxky6mlzpwh2hwvggnd91-argocd-2.10.9"
        }
      }
    },
    "go-task@3.35.1": {
      "last_modified": "2024-04-02T02:53:36Z",
      "resolved": "github:NixOS/nixpkgs/080a4a27f206d07724b88da096e27ef63401a504#go-task",
      "source": "devbox-search",
      "version": "3.35.1",
      "systems": {
        "aarch64-darwin": {
          "outputs": [
            {
              "name": "out",
              "path": "/nix/store/03b8s532w0i7gan6pchgw57hh6z1kzhh-go-task-3.35.1",
              "default": true
            }
          ],
          "store_path": "/nix/store/03b8s532w0i7gan6pchgw57hh6z1kzhh-go-task-3.35.1"
        },
        "aarch64-linux": {
          "outputs": [
            {
              "name": "out",
              "path": "/nix/store/rf1v95ycachx8ikxk2c3p3mz1day705n-go-task-3.35.1",
              "default": true
            }
          ],
          "store_path": "/nix/store/rf1v95ycachx8ikxk2c3p3mz1day705n-go-task-3.35.1"
        },
        "x86_64-darwin": {
          "outputs": [
            {
              "name": "out",
              "path": "/nix/store/5i0brww4cr6gkvjdwsszin0maik9lxj7-go-task-3.35.1",
              "default": true
            }
          ],
          "store_path": "/nix/store/5i0brww4cr6gkvjdwsszin0maik9lxj7-go-task-3.35.1"
        },
        "x86_64-linux": {
          "outputs": [
            {
              "name": "out",
              "path": "/nix/store/valg15ksdbla4and7rx8j8i9is7qycy2-go-task-3.35.1",
              "default": true
            }
          ],
          "store_path": "/nix/store/valg15ksdbla4and7rx8j8i9is7qycy2-go-task-3.35.1"
        }
      }
    },
    "istioctl@1.22.0": {
      "last_modified": "2024-05-29T10:04:41Z",
      "resolved": "github:NixOS/nixpkgs/ac82a513e55582291805d6f09d35b6d8b60637a1#istioctl",
      "source": "devbox-search",
      "version": "1.22.0",
      "systems": {
        "aarch64-darwin": {
          "outputs": [
            {
              "name": "out",
              "path": "/nix/store/rw7w6bbq48v0r6xz0w4qdg237jdm98ap-istioctl-1.22.0",
              "default": true
            }
          ],
          "store_path": "/nix/store/rw7w6bbq48v0r6xz0w4qdg237jdm98ap-istioctl-1.22.0"
        },
        "aarch64-linux": {
          "outputs": [
            {
              "name": "out",
              "path": "/nix/store/mp7cl22pzrds2zwq8i66f5p5sj1sps4d-istioctl-1.22.0",
              "default": true
            }
          ],
          "store_path": "/nix/store/mp7cl22pzrds2zwq8i66f5p5sj1sps4d-istioctl-1.22.0"
        },
        "x86_64-darwin": {
          "outputs": [
            {
              "name": "out",
              "path": "/nix/store/26jy5g2bxpfd7an65jzhwijhpsabb3vr-istioctl-1.22.0",
              "default": true
            }
          ],
          "store_path": "/nix/store/26jy5g2bxpfd7an65jzhwijhpsabb3vr-istioctl-1.22.0"
        },
        "x86_64-linux": {
          "outputs": [
            {
              "name": "out",
              "path": "/nix/store/qc0qy09rz6gr6y82n1zla8m0n3q9m3qn-istioctl-1.22.0",
              "default": true
            }
          ],
          "store_path": "/nix/store/qc0qy09rz6gr6y82n1zla8m0n3q9m3qn-istioctl-1.22.0"
        }
      }
    },
    "jq@1.7.1": {
      "last_modified": "2024-06-04T00:03:09Z",
      "resolved": "github:NixOS/nixpkgs/3b01abcc24846ae49957b30f4345bab4b3f1d14b#jq",
      "source": "devbox-search",
      "version": "1.7.1",
      "systems": {
        "aarch64-darwin": {
          "outputs": [
            {
              "name": "bin",
              "path": "/nix/store/68s205iqz4x1fvry7nkhg8g270v1vcy4-jq-1.7.1-bin",
              "default": true
            },
            {
              "name": "man",
              "path": "/nix/store/a5dywljs6papj8qcz9414r91f69r4y9r-jq-1.7.1-man",
              "default": true
            },
            {
              "name": "dev",
              "path": "/nix/store/13hz87fi6v8yha2i0hqs3hgjr28wh5wc-jq-1.7.1-dev"
            },
            {
              "name": "doc",
              "path": "/nix/store/ghj56yphlx06ws4wzv6370smcqy7q2j7-jq-1.7.1-doc"
            },
            {
              "name": "lib",
              "path": "/nix/store/19mhwafp54qa8di0z3rxwb692nq1hagw-jq-1.7.1-lib"
            },
            {
              "name": "out",
              "path": "/nix/store/f20hrh4qzvk2577glb7s5l114gmirngj-jq-1.7.1"
            }
          ],
          "store_path": "/nix/store/68s205iqz4x1fvry7nkhg8g270v1vcy4-jq-1.7.1-bin"
        },
        "aarch64-linux": {
          "outputs": [
            {
              "name": "bin",
              "path": "/nix/store/ndiybnyqr1ph1vjg3k12nk4563mhxppm-jq-1.7.1-bin",
              "default": true
            },
            {
              "name": "man",
              "path": "/nix/store/m6iwqw0050fw4wc9xmr5pqs3ah5ry7ax-jq-1.7.1-man",
              "default": true
            },
            {
              "name": "dev",
              "path": "/nix/store/kvrsi2isj17fm1i1q547y318pkdn8yp7-jq-1.7.1-dev"
            },
            {
              "name": "doc",
              "path": "/nix/store/bb0ah4vxmzgc0sqykmbv5fypgk9nnkw1-jq-1.7.1-doc"
            },
            {
              "name": "lib",
              "path": "/nix/store/amjqcw9ja9zd2dwm1va91in764xvpnx3-jq-1.7.1-lib"
            },
            {
              "name": "out",
              "path": "/nix/store/fwkhzdlq9xiz2rl5bkvmj772p9hvqj99-jq-1.7.1"
            }
          ],
          "store_path": "/nix/store/ndiybnyqr1ph1vjg3k12nk4563mhxppm-jq-1.7.1-bin"
        },
        "x86_64-darwin": {
          "outputs": [
            {
              "name": "bin",
              "path": "/nix/store/bpfyriz1v75s27jjp334xmz76i39jb5m-jq-1.7.1-bin",
              "default": true
            },
            {
              "name": "man",
              "path": "/nix/store/z9k3kvc4vd3nalz0zy642jwldjx8nycz-jq-1.7.1-man",
              "default": true
            },
            {
              "name": "doc",
              "path": "/nix/store/h092iqq78iqfb2i4zr9x5p6pjapm4gj0-jq-1.7.1-doc"
            },
            {
              "name": "lib",
              "path": "/nix/store/m83fjdl51389phnrm9yw81xq47b1n6nq-jq-1.7.1-lib"
            },
            {
              "name": "out",
              "path": "/nix/store/ja0jnfqjrlcvrmhd0x5v61nccdybp86g-jq-1.7.1"
            },
            {
              "name": "dev",
              "path": "/nix/store/js9gb09z8qzf0i7xaqnqkriy43d4p371-jq-1.7.1-dev"
            }
          ],
          "store_path": "/nix/store/bpfyriz1v75s27jjp334xmz76i39jb5m-jq-1.7.1-bin"
        },
        "x86_64-linux": {
          "outputs": [
            {
              "name": "bin",
              "path": "/nix/store/7y2nxi5svi3ya06jyfw7l06rxvfb1zzf-jq-1.7.1-bin",
              "default": true
            },
            {
              "name": "man",
              "path": "/nix/store/shvd454wy3lnhirj922yrzffzscci28s-jq-1.7.1-man",
              "default": true
            },
            {
              "name": "doc",
              "path": "/nix/store/5cq70lcqc2aph4q03brijk3alfh5rnmz-jq-1.7.1-doc"
            },
            {
              "name": "lib",
              "path": "/nix/store/bjf63mfkn3r6svmb4qlsy1v8bff4dwa9-jq-1.7.1-lib"
            },
            {
              "name": "out",
              "path": "/nix/store/33flg1kzjqn426gg4yfz1zkgpj9cmc4j-jq-1.7.1"
            },
            {
              "name": "dev",
              "path": "/nix/store/n5chc8i5za5jrr4biwwgx7a96p0a7aq9-jq-1.7.1-dev"
            }
          ],
          "store_path": "/nix/store/7y2nxi5svi3ya06jyfw7l06rxvfb1zzf-jq-1.7.1-bin"
        }
      }
    },
    "k3s@1.29.4+k3s1": {
      "last_modified": "2024-05-12T16:19:40Z",
      "resolved": "github:NixOS/nixpkgs/3281bec7174f679eabf584591e75979a258d8c40#k3s",
      "source": "devbox-search",
      "version": "1.29.4+k3s1",
      "systems": {
        "aarch64-linux": {
          "outputs": [
            {
              "name": "out",
              "path": "/nix/store/n3xl68hv4pfazg6zkckdrhcsqn64wf5i-k3s-1.29.4+k3s1",
              "default": true
            }
          ],
          "store_path": "/nix/store/n3xl68hv4pfazg6zkckdrhcsqn64wf5i-k3s-1.29.4+k3s1"
        },
        "x86_64-linux": {
          "outputs": [
            {
              "name": "out",
              "path": "/nix/store/nd4dvfqsld4v27xfs9ap29ak927nwdwc-k3s-1.29.4+k3s1",
              "default": true
            }
          ],
          "store_path": "/nix/store/nd4dvfqsld4v27xfs9ap29ak927nwdwc-k3s-1.29.4+k3s1"
        }
      }
    },
    "kubecm@0.28.0": {
      "last_modified": "2024-05-22T06:18:38Z",
      "resolved": "github:NixOS/nixpkgs/3f316d2a50699a78afe5e77ca486ad553169061e#kubecm",
      "source": "devbox-search",
      "version": "0.28.0",
      "systems": {
        "aarch64-darwin": {
          "outputs": [
            {
              "name": "out",
              "path": "/nix/store/14sx9d4hsb494jmdyf5nc7f170gnyk4b-kubecm-0.28.0",
              "default": true
            }
          ],
          "store_path": "/nix/store/14sx9d4hsb494jmdyf5nc7f170gnyk4b-kubecm-0.28.0"
        },
        "aarch64-linux": {
          "outputs": [
            {
              "name": "out",
              "path": "/nix/store/l2r13chfqwm2kq8zqbq53jhvg0ai483m-kubecm-0.28.0",
              "default": true
            }
          ],
          "store_path": "/nix/store/l2r13chfqwm2kq8zqbq53jhvg0ai483m-kubecm-0.28.0"
        },
        "x86_64-darwin": {
          "outputs": [
            {
              "name": "out",
              "path": "/nix/store/xp5ivcpfcamvyiwla8a80fsby9ray1ly-kubecm-0.28.0",
              "default": true
            }
          ],
          "store_path": "/nix/store/xp5ivcpfcamvyiwla8a80fsby9ray1ly-kubecm-0.28.0"
        },
        "x86_64-linux": {
          "outputs": [
            {
              "name": "out",
              "path": "/nix/store/vm8p3y6hwg2xn079swabhidha40s9xfd-kubecm-0.28.0",
              "default": true
            }
          ],
          "store_path": "/nix/store/vm8p3y6hwg2xn079swabhidha40s9xfd-kubecm-0.28.0"
        }
      }
    },
    "kubectl@1.29.3": {
      "last_modified": "2024-04-02T02:53:36Z",
      "resolved": "github:NixOS/nixpkgs/080a4a27f206d07724b88da096e27ef63401a504#kubectl",
      "source": "devbox-search",
      "version": "1.29.3",
      "systems": {
        "aarch64-darwin": {
          "outputs": [
            {
              "name": "out",
              "path": "/nix/store/mwgqp6zwilqs7hbai4qgsjrm026swwcb-kubectl-1.29.3",
              "default": true
            },
            {
              "name": "man",
              "path": "/nix/store/hncrp6rqdgvap4p8c288wvs51x1bnpph-kubectl-1.29.3-man",
              "default": true
            },
            {
              "name": "convert",
              "path": "/nix/store/c62nnj48g2fgvllhh9mpfbmj2bh7rxw8-kubectl-1.29.3-convert"
            }
          ],
          "store_path": "/nix/store/mwgqp6zwilqs7hbai4qgsjrm026swwcb-kubectl-1.29.3"
        },
        "aarch64-linux": {
          "outputs": [
            {
              "name": "out",
              "path": "/nix/store/0fwa4sc3bckja8f1ckwi32mc374ddj3d-kubectl-1.29.3",
              "default": true
            },
            {
              "name": "man",
              "path": "/nix/store/iadlazb0vkphbmzzhw8z1v1kd7jmc9y8-kubectl-1.29.3-man",
              "default": true
            },
            {
              "name": "convert",
              "path": "/nix/store/b93q3zs73ggm9cph25x97g7qnzpplfnr-kubectl-1.29.3-convert"
            }
          ],
          "store_path": "/nix/store/0fwa4sc3bckja8f1ckwi32mc374ddj3d-kubectl-1.29.3"
        },
        "x86_64-darwin": {
          "outputs": [
            {
              "name": "out",
              "path": "/nix/store/b89fxmb95bdpns6vkn5y3mi7q2qy52r0-kubectl-1.29.3",
              "default": true
            },
            {
              "name": "man",
              "path": "/nix/store/q0m5jimjkvbcvbiw1vclbqpm9m7b2g8a-kubectl-1.29.3-man",
              "default": true
            },
            {
              "name": "convert",
              "path": "/nix/store/gkphb8sahz8zc109p6mqaifd0asfrwkb-kubectl-1.29.3-convert"
            }
          ],
          "store_path": "/nix/store/b89fxmb95bdpns6vkn5y3mi7q2qy52r0-kubectl-1.29.3"
        },
        "x86_64-linux": {
          "outputs": [
            {
              "name": "out",
              "path": "/nix/store/32zfz5pzklvv44hmr17bbs3mh94mwsjz-kubectl-1.29.3",
              "default": true
            },
            {
              "name": "man",
              "path": "/nix/store/41hhqxvlyvwj2rfwlnilvfzjsp51iv4g-kubectl-1.29.3-man",
              "default": true
            },
            {
              "name": "convert",
              "path": "/nix/store/d1fyx4akfgsl9xvfsxlgjl7k39wwgr9a-kubectl-1.29.3-convert"
            }
          ],
          "store_path": "/nix/store/32zfz5pzklvv44hmr17bbs3mh94mwsjz-kubectl-1.29.3"
        }
      }
    },
    "kubectx@0.9.5": {
      "last_modified": "2024-05-29T10:04:41Z",
      "resolved": "github:NixOS/nixpkgs/ac82a513e55582291805d6f09d35b6d8b60637a1#kubectx",
      "source": "devbox-search",
      "version": "0.9.5",
      "systems": {
        "aarch64-darwin": {
          "outputs": [
            {
              "name": "out",
              "path": "/nix/store/iz2hxjm9snnwrnm61pr216b7hhpbzjjp-kubectx-0.9.5",
              "default": true
            }
          ],
          "store_path": "/nix/store/iz2hxjm9snnwrnm61pr216b7hhpbzjjp-kubectx-0.9.5"
        },
        "aarch64-linux": {
          "outputs": [
            {
              "name": "out",
              "path": "/nix/store/8665cjdz1nwiv49p1c6hlpqyl94xrmhp-kubectx-0.9.5",
              "default": true
            }
          ],
          "store_path": "/nix/store/8665cjdz1nwiv49p1c6hlpqyl94xrmhp-kubectx-0.9.5"
        },
        "x86_64-darwin": {
          "outputs": [
            {
              "name": "out",
              "path": "/nix/store/2q5pczb26f3anwacim10hjx611mk119k-kubectx-0.9.5",
              "default": true
            }
          ],
          "store_path": "/nix/store/2q5pczb26f3anwacim10hjx611mk119k-kubectx-0.9.5"
        },
        "x86_64-linux": {
          "outputs": [
            {
              "name": "out",
              "path": "/nix/store/8x2fv1vz8k9d64chyhbmj7kr9avqhprz-kubectx-0.9.5",
              "default": true
            }
          ],
          "store_path": "/nix/store/8x2fv1vz8k9d64chyhbmj7kr9avqhprz-kubectx-0.9.5"
        }
      }
    },
    "kubernetes-helm@3.14.3": {
      "last_modified": "2024-04-02T02:53:36Z",
      "resolved": "github:NixOS/nixpkgs/080a4a27f206d07724b88da096e27ef63401a504#kubernetes-helm",
      "source": "devbox-search",
      "version": "3.14.3",
      "systems": {
        "aarch64-darwin": {
          "outputs": [
            {
              "name": "out",
              "path": "/nix/store/cvig4zpp15dx32i2nf7ac4yic4v1n5zf-kubernetes-helm-3.14.3",
              "default": true
            }
          ],
          "store_path": "/nix/store/cvig4zpp15dx32i2nf7ac4yic4v1n5zf-kubernetes-helm-3.14.3"
        },
        "aarch64-linux": {
          "outputs": [
            {
              "name": "out",
              "path": "/nix/store/y4zcgyg6nylp5552bxnpk8nq750ayybp-kubernetes-helm-3.14.3",
              "default": true
            }
          ],
          "store_path": "/nix/store/y4zcgyg6nylp5552bxnpk8nq750ayybp-kubernetes-helm-3.14.3"
        },
        "x86_64-darwin": {
          "outputs": [
            {
              "name": "out",
              "path": "/nix/store/08ajanhxpc5k2zsdyzidr3vy40s9yl9f-kubernetes-helm-3.14.3",
              "default": true
            }
          ],
          "store_path": "/nix/store/08ajanhxpc5k2zsdyzidr3vy40s9yl9f-kubernetes-helm-3.14.3"
        },
        "x86_64-linux": {
          "outputs": [
            {
              "name": "out",
              "path": "/nix/store/5grpp9pbxdvz385lmbhaxnwmj89hyx7j-kubernetes-helm-3.14.3",
              "default": true
            }
          ],
          "store_path": "/nix/store/5grpp9pbxdvz385lmbhaxnwmj89hyx7j-kubernetes-helm-3.14.3"
        }
      }
    },
    "kubescape@3.0.8": {
      "last_modified": "2024-04-19T21:36:04Z",
      "resolved": "github:NixOS/nixpkgs/92d295f588631b0db2da509f381b4fb1e74173c5#kubescape",
      "source": "devbox-search",
      "version": "3.0.8",
      "systems": {
        "aarch64-linux": {
          "outputs": [
            {
              "name": "out",
              "path": "/nix/store/wil9dhqci2g7z9nfybbv7kaw1283nhs0-kubescape-3.0.8",
              "default": true
            }
          ],
          "store_path": "/nix/store/wil9dhqci2g7z9nfybbv7kaw1283nhs0-kubescape-3.0.8"
        },
        "x86_64-linux": {
          "outputs": [
            {
              "name": "out",
              "path": "/nix/store/73ygi9f4bm2w4l1sidxfs0261b042fd2-kubescape-3.0.8",
              "default": true
            }
          ],
          "store_path": "/nix/store/73ygi9f4bm2w4l1sidxfs0261b042fd2-kubescape-3.0.8"
        }
      }
    },
    "tailscale@1.64.2": {
      "last_modified": "2024-05-05T12:27:12Z",
      "resolved": "github:NixOS/nixpkgs/ee4a6e0f566fe5ec79968c57a9c2c3c25f2cf41d#tailscale",
      "source": "devbox-search",
      "version": "1.64.2",
      "systems": {
        "aarch64-darwin": {
          "outputs": [
            {
              "name": "out",
              "path": "/nix/store/s270mjidzcjy74lvf0ij614xa482f0yf-tailscale-1.64.2",
              "default": true
            }
          ],
          "store_path": "/nix/store/s270mjidzcjy74lvf0ij614xa482f0yf-tailscale-1.64.2"
        },
        "aarch64-linux": {
          "outputs": [
            {
              "name": "out",
              "path": "/nix/store/qfir2kw6f84aqgksi0fp48s571rx40mg-tailscale-1.64.2",
              "default": true
            }
          ],
          "store_path": "/nix/store/qfir2kw6f84aqgksi0fp48s571rx40mg-tailscale-1.64.2"
        },
        "x86_64-darwin": {
          "outputs": [
            {
              "name": "out",
              "path": "/nix/store/h4cdfjdma2m1lkl8pk8351p4pyx0qj92-tailscale-1.64.2",
              "default": true
            }
          ],
          "store_path": "/nix/store/h4cdfjdma2m1lkl8pk8351p4pyx0qj92-tailscale-1.64.2"
        },
        "x86_64-linux": {
          "outputs": [
            {
              "name": "out",
              "path": "/nix/store/jghnpbxm9dj0ir4f0jws31v4i1phy3n9-tailscale-1.64.2",
              "default": true
            }
          ],
          "store_path": "/nix/store/jghnpbxm9dj0ir4f0jws31v4i1phy3n9-tailscale-1.64.2"
        }
      }
    },
    "terraform@1.8.2": {
      "last_modified": "2024-05-03T15:42:32Z",
      "resolved": "github:NixOS/nixpkgs/5fd8536a9a5932d4ae8de52b7dc08d92041237fc#terraform",
      "source": "devbox-search",
      "version": "1.8.2",
      "systems": {
        "aarch64-darwin": {
          "outputs": [
            {
              "name": "out",
              "path": "/nix/store/q3cfx9fzwb4mg1s7v88qfiqyvfs66sl7-terraform-1.8.2",
              "default": true
            }
          ],
          "store_path": "/nix/store/q3cfx9fzwb4mg1s7v88qfiqyvfs66sl7-terraform-1.8.2"
        },
        "aarch64-linux": {
          "outputs": [
            {
              "name": "out",
              "path": "/nix/store/x9ksikzahpwj91hs14vhdi8lcsywjd92-terraform-1.8.2",
              "default": true
            }
          ],
          "store_path": "/nix/store/x9ksikzahpwj91hs14vhdi8lcsywjd92-terraform-1.8.2"
        },
        "x86_64-darwin": {
          "outputs": [
            {
              "name": "out",
              "path": "/nix/store/0q87yf8a5ihys3lz1ndynp4iqibzb9h6-terraform-1.8.2",
              "default": true
            }
          ],
          "store_path": "/nix/store/0q87yf8a5ihys3lz1ndynp4iqibzb9h6-terraform-1.8.2"
        },
        "x86_64-linux": {
          "outputs": [
            {
              "name": "out",
              "path": "/nix/store/c7a2hafqpk26zggmii7jvkvp2qfrhj38-terraform-1.8.2",
              "default": true
            }
          ],
          "store_path": "/nix/store/c7a2hafqpk26zggmii7jvkvp2qfrhj38-terraform-1.8.2"
        }
      }
    },
    "yq@3.4.3": {
      "last_modified": "2024-05-22T06:18:38Z",
      "resolved": "github:NixOS/nixpkgs/3f316d2a50699a78afe5e77ca486ad553169061e#yq",
      "source": "devbox-search",
      "version": "3.4.3",
      "systems": {
        "aarch64-darwin": {
          "outputs": [
            {
              "name": "out",
              "path": "/nix/store/lah5sv8bg7509f4434z5dmm5d9rz6pc7-python3.11-yq-3.4.3",
              "default": true
            },
            {
              "name": "dist",
              "path": "/nix/store/zk1fxbfh9zsjnvzh9r6b4kr3k7r6c9dx-python3.11-yq-3.4.3-dist"
            }
          ],
          "store_path": "/nix/store/lah5sv8bg7509f4434z5dmm5d9rz6pc7-python3.11-yq-3.4.3"
        },
        "aarch64-linux": {
          "outputs": [
            {
              "name": "out",
              "path": "/nix/store/1r9s304hip8c2qzdikdm0bcfv6a6kgyq-python3.11-yq-3.4.3",
              "default": true
            },
            {
              "name": "dist",
              "path": "/nix/store/pix8fndfnl1zw3qp5jqlbr3s8p1sa7ai-python3.11-yq-3.4.3-dist"
            }
          ],
          "store_path": "/nix/store/1r9s304hip8c2qzdikdm0bcfv6a6kgyq-python3.11-yq-3.4.3"
        },
        "x86_64-darwin": {
          "outputs": [
            {
              "name": "out",
              "path": "/nix/store/ap6xcs6nmh5p306rn1jxj1416vgl6l4v-python3.11-yq-3.4.3",
              "default": true
            },
            {
              "name": "dist",
              "path": "/nix/store/r6va30cqqhjj9abrn0grd1r01csxxwk1-python3.11-yq-3.4.3-dist"
            }
          ],
          "store_path": "/nix/store/ap6xcs6nmh5p306rn1jxj1416vgl6l4v-python3.11-yq-3.4.3"
        },
        "x86_64-linux": {
          "outputs": [
            {
              "name": "out",
              "path": "/nix/store/7a7ymlh8d0ns3cfy35nvbplszkm74a0m-python3.11-yq-3.4.3",
              "default": true
            },
            {
              "name": "dist",
              "path": "/nix/store/14hnz7vnlvfb3k0v9p748m987psaii9x-python3.11-yq-3.4.3-dist"
            }
          ],
          "store_path": "/nix/store/7a7ymlh8d0ns3cfy35nvbplszkm74a0m-python3.11-yq-3.4.3"
        }
      }
    }
  }
}
